PODS:
  - Nimble (8.0.9)
  - Quick (2.2.1)
  - WCAG-Colors (1.0.0)

DEPENDENCIES:
  - Nimble (~> 8.0.7)
  - Quick (~> 2.2.0)
  - WCAG-Colors (from `../`)

SPEC REPOS:
  trunk:
    - Nimble
    - Quick

EXTERNAL SOURCES:
  WCAG-Colors:
    :path: "../"

SPEC CHECKSUMS:
  Nimble: 98b888285a615fd34f20e61753cf58ea1402bde4
  Quick: f5754d69b7013f5864c29aab9ae6f0c79c5bc200
  WCAG-Colors: d65dc67f98d69baefaebe99f33d328503ff3eac7

PODFILE CHECKSUM: 8b44313a2404dc7d510bc68248427749c4df722f

COCOAPODS: 1.10.1
